
Microsoft Visual Studio Solution File, Format Version 12.00
# Visual Studio Express 2013 for Windows Desktop
VisualStudioVersion = 12.0.40629.0
MinimumVisualStudioVersion = 10.0.40219.1
Project("{8BC9CEB8-8B4A-11D0-8D11-00A0C91BC942}") = "Project Euler Problem 3", "Project Euler Problem 3\Project Euler Problem 3.vcxproj", "{548CF1F7-7F1A-4D7E-8B26-EF68F3AE674D}"
EndProject
Global
	GlobalSection(SolutionConfigurationPlatforms) = preSolution
		Debug|Win32 = Debug|Win32
		Release|Win32 = Release|Win32
	EndGlobalSection
	GlobalSection(ProjectConfigurationPlatforms) = postSolution
		{548CF1F7-7F1A-4D7E-8B26-EF68F3AE674D}.Debug|Win32.ActiveCfg = Debug|Win32
		{548CF1F7-7F1A-4D7E-8B26-EF68F3AE674D}.Debug|Win32.Build.0 = Debug|Win32
		{548CF1F7-7F1A-4D7E-8B26-EF68F3AE674D}.Release|Win32.ActiveCfg = Release|Win32
		{548CF1F7-7F1A-4D7E-8B26-EF68F3AE674D}.Release|Win32.Build.0 = Release|Win32
	EndGlobalSection
	GlobalSection(SolutionProperties) = preSolution
		HideSolutionNode = FALSE
	EndGlobalSection
EndGlobal
