
Microsoft Visual Studio Solution File, Format Version 11.00
# Visual Studio 2010
Project("{8BC9CEB8-8B4A-11D0-8D11-00A0C91BC942}") = "Project 2_Solnik", "Project 2_Solnik.vcxproj", "{E31480F5-3B9F-42EB-BFE7-B1CE0F4353D5}"
EndProject
Global
	GlobalSection(SolutionConfigurationPlatforms) = preSolution
		Debug|Win32 = Debug|Win32
		Release|Win32 = Release|Win32
	EndGlobalSection
	GlobalSection(ProjectConfigurationPlatforms) = postSolution
		{E31480F5-3B9F-42EB-BFE7-B1CE0F4353D5}.Debug|Win32.ActiveCfg = Debug|Win32
		{E31480F5-3B9F-42EB-BFE7-B1CE0F4353D5}.Debug|Win32.Build.0 = Debug|Win32
		{E31480F5-3B9F-42EB-BFE7-B1CE0F4353D5}.Release|Win32.ActiveCfg = Release|Win32
		{E31480F5-3B9F-42EB-BFE7-B1CE0F4353D5}.Release|Win32.Build.0 = Release|Win32
	EndGlobalSection
	GlobalSection(SolutionProperties) = preSolution
		HideSolutionNode = FALSE
	EndGlobalSection
EndGlobal
